
Microsoft Visual Studio Solution File, Format Version 12.00
# Visual Studio Version 17
VisualStudioVersion = 17.10.34804.81
MinimumVisualStudioVersion = 10.0.40219.1
Project("{FAE04EC0-301F-11D3-BF4B-00C04F79EFBC}") = "HafizAPI", "HafizAPI\HafizAPI.csproj", "{FCCC1F4A-2D95-4571-BF26-63A53A77B586}"
EndProject
Global
	GlobalSection(SolutionConfigurationPlatforms) = preSolution
		Debug|Any CPU = Debug|Any CPU
		Release|Any CPU = Release|Any CPU
	EndGlobalSection
	GlobalSection(ProjectConfigurationPlatforms) = postSolution
		{FCCC1F4A-2D95-4571-BF26-63A53A77B586}.Debug|Any CPU.ActiveCfg = Debug|Any CPU
		{FCCC1F4A-2D95-4571-BF26-63A53A77B586}.Debug|Any CPU.Build.0 = Debug|Any CPU
		{FCCC1F4A-2D95-4571-BF26-63A53A77B586}.Release|Any CPU.ActiveCfg = Release|Any CPU
		{FCCC1F4A-2D95-4571-BF26-63A53A77B586}.Release|Any CPU.Build.0 = Release|Any CPU
	EndGlobalSection
	GlobalSection(SolutionProperties) = preSolution
		HideSolutionNode = FALSE
	EndGlobalSection
	GlobalSection(ExtensibilityGlobals) = postSolution
		SolutionGuid = {8BD4EAF8-64E8-429D-B63A-5BEE378E1356}
	EndGlobalSection
EndGlobal
